
Microsoft Visual Studio Solution File, Format Version 12.00
# Visual Studio Version 17
VisualStudioVersion = 17.3.32708.82
MinimumVisualStudioVersion = 10.0.40219.1
Project("{FAE04EC0-301F-11D3-BF4B-00C04F79EFBC}") = "Decorator", "Decorator.csproj", "{9F65F1B4-FA42-4B1F-B444-BFAB4950C880}"
EndProject
Global
	GlobalSection(SolutionConfigurationPlatforms) = preSolution
		Debug|Any CPU = Debug|Any CPU
		Release|Any CPU = Release|Any CPU
	EndGlobalSection
	GlobalSection(ProjectConfigurationPlatforms) = postSolution
		{9F65F1B4-FA42-4B1F-B444-BFAB4950C880}.Debug|Any CPU.ActiveCfg = Debug|Any CPU
		{9F65F1B4-FA42-4B1F-B444-BFAB4950C880}.Debug|Any CPU.Build.0 = Debug|Any CPU
		{9F65F1B4-FA42-4B1F-B444-BFAB4950C880}.Release|Any CPU.ActiveCfg = Release|Any CPU
		{9F65F1B4-FA42-4B1F-B444-BFAB4950C880}.Release|Any CPU.Build.0 = Release|Any CPU
	EndGlobalSection
	GlobalSection(SolutionProperties) = preSolution
		HideSolutionNode = FALSE
	EndGlobalSection
	GlobalSection(ExtensibilityGlobals) = postSolution
		SolutionGuid = {A63B2FDD-4582-4D5A-AA78-49295D86A5C5}
	EndGlobalSection
EndGlobal
