
Microsoft Visual Studio Solution File, Format Version 12.00
# Visual Studio Version 17
VisualStudioVersion = 17.3.32708.82
MinimumVisualStudioVersion = 10.0.40219.1
Project("{FAE04EC0-301F-11D3-BF4B-00C04F79EFBC}") = "Flyweight", "Flyweight.csproj", "{A3985529-AF48-431D-AD76-2510D412DED2}"
EndProject
Global
	GlobalSection(SolutionConfigurationPlatforms) = preSolution
		Debug|Any CPU = Debug|Any CPU
		Release|Any CPU = Release|Any CPU
	EndGlobalSection
	GlobalSection(ProjectConfigurationPlatforms) = postSolution
		{A3985529-AF48-431D-AD76-2510D412DED2}.Debug|Any CPU.ActiveCfg = Debug|Any CPU
		{A3985529-AF48-431D-AD76-2510D412DED2}.Debug|Any CPU.Build.0 = Debug|Any CPU
		{A3985529-AF48-431D-AD76-2510D412DED2}.Release|Any CPU.ActiveCfg = Release|Any CPU
		{A3985529-AF48-431D-AD76-2510D412DED2}.Release|Any CPU.Build.0 = Release|Any CPU
	EndGlobalSection
	GlobalSection(SolutionProperties) = preSolution
		HideSolutionNode = FALSE
	EndGlobalSection
	GlobalSection(ExtensibilityGlobals) = postSolution
		SolutionGuid = {EF74097F-DBA4-42FE-8A98-89007992FFD0}
	EndGlobalSection
EndGlobal
