
Microsoft Visual Studio Solution File, Format Version 12.00
# Visual Studio Version 17
VisualStudioVersion = 17.3.32708.82
MinimumVisualStudioVersion = 10.0.40219.1
Project("{FAE04EC0-301F-11D3-BF4B-00C04F79EFBC}") = "Prototype", "Prototype.csproj", "{C12AD216-5457-46C8-ACA0-59A6EEB453C3}"
EndProject
Global
	GlobalSection(SolutionConfigurationPlatforms) = preSolution
		Debug|Any CPU = Debug|Any CPU
		Release|Any CPU = Release|Any CPU
	EndGlobalSection
	GlobalSection(ProjectConfigurationPlatforms) = postSolution
		{C12AD216-5457-46C8-ACA0-59A6EEB453C3}.Debug|Any CPU.ActiveCfg = Debug|Any CPU
		{C12AD216-5457-46C8-ACA0-59A6EEB453C3}.Debug|Any CPU.Build.0 = Debug|Any CPU
		{C12AD216-5457-46C8-ACA0-59A6EEB453C3}.Release|Any CPU.ActiveCfg = Release|Any CPU
		{C12AD216-5457-46C8-ACA0-59A6EEB453C3}.Release|Any CPU.Build.0 = Release|Any CPU
	EndGlobalSection
	GlobalSection(SolutionProperties) = preSolution
		HideSolutionNode = FALSE
	EndGlobalSection
	GlobalSection(ExtensibilityGlobals) = postSolution
		SolutionGuid = {99E82F1D-0919-4723-803F-C43865F09DD2}
	EndGlobalSection
EndGlobal
